
Microsoft Visual Studio Solution File, Format Version 12.00
# Visual Studio 15
VisualStudioVersion = 15.0.26430.15
MinimumVisualStudioVersion = 10.0.40219.1
Project("{2150E333-8FDC-42A3-9474-1A3956D46DE8}") = "2.数据层", "2.数据层", "{BDCB9B2E-7D7A-4E02-AABC-875A173EE709}"
EndProject
Project("{2150E333-8FDC-42A3-9474-1A3956D46DE8}") = "3.模块层", "3.模块层", "{3E2D1DD2-683D-4BE3-97A1-24C8E8C4E911}"
EndProject
Project("{2150E333-8FDC-42A3-9474-1A3956D46DE8}") = "4.UI层", "4.UI层", "{0410727E-0A10-4FC8-8690-938E7A0FE31B}"
EndProject
Project("{2150E333-8FDC-42A3-9474-1A3956D46DE8}") = "1.基础层", "1.基础层", "{656B5039-00BD-4412-ACE7-BFE0A0BC56A8}"
EndProject
Project("{2150E333-8FDC-42A3-9474-1A3956D46DE8}") = "1.助手", "1.助手", "{F4B971CB-AB6B-42EA-B2DD-82ADF7704A52}"
EndProject
Project("{FAE04EC0-301F-11D3-BF4B-00C04F79EFBC}") = "JQ.Util", "Core\RWP.Util\JQ.Util.csproj", "{90AB0830-F6DA-426C-A3B0-7516535985BF}"
EndProject
Project("{2150E333-8FDC-42A3-9474-1A3956D46DE8}") = "2.日志", "2.日志", "{6DBE0B23-B059-456F-B710-257B3316BD13}"
EndProject
Project("{2150E333-8FDC-42A3-9474-1A3956D46DE8}") = "3.Web框架", "3.Web框架", "{7B5832F6-3B89-4ED1-94CC-E2D284130871}"
EndProject
Project("{FAE04EC0-301F-11D3-BF4B-00C04F79EFBC}") = "JQ.Log", "Core\RWP.Log\JQ.Log.csproj", "{43203845-7327-4BF3-95F0-71B7E0354CB5}"
EndProject
Project("{FAE04EC0-301F-11D3-BF4B-00C04F79EFBC}") = "JQ.Web", "Core\RWP.FrameworkForWeb\JQ.Web.csproj", "{D89B17B5-F256-423D-8255-5F205EBF07EF}"
EndProject
Project("{FAE04EC0-301F-11D3-BF4B-00C04F79EFBC}") = "DAL", "Core\DALLayer\DAL\DAL.csproj", "{DF3C0094-2E12-4D77-8219-A37E3C85711C}"
EndProject
Project("{FAE04EC0-301F-11D3-BF4B-00C04F79EFBC}") = "JQ.Common", "Core\BLLLayer\Common\JQ.Common.csproj", "{1D40B4ED-3210-4DAA-A3D9-BAA70DA99F98}"
EndProject
Project("{FAE04EC0-301F-11D3-BF4B-00C04F79EFBC}") = "DataModel", "Core\BLLLayer\DataModel\DataModel.csproj", "{99EF246D-A5E3-4411-AF05-3B9578F12284}"
EndProject
Project("{FAE04EC0-301F-11D3-BF4B-00C04F79EFBC}") = "DBSql", "Core\BLLLayer\DBSql\DBSql.csproj", "{068290B4-77E2-4650-931E-C1E7205AD648}"
EndProject
Project("{FAE04EC0-301F-11D3-BF4B-00C04F79EFBC}") = "JQWebMVC", "Web\JQWebMVC\JQWebMVC.csproj", "{31DD1863-CC15-4CB2-BBAC-BDE57A3D860F}"
EndProject
Project("{FAE04EC0-301F-11D3-BF4B-00C04F79EFBC}") = "Core", "Web\Core\Core.csproj", "{4A9EDA3F-8A48-4E3D-9A38-602BA67536DE}"
EndProject
Project("{FAE04EC0-301F-11D3-BF4B-00C04F79EFBC}") = "Project", "Web\Project\Project.csproj", "{C85A0162-B692-420E-AF03-5F4C840B83FF}"
EndProject
Project("{FAE04EC0-301F-11D3-BF4B-00C04F79EFBC}") = "Bussiness", "Web\Bussiness\Bussiness.csproj", "{BA7594E9-29A3-4928-B269-9FFEA0ED363B}"
EndProject
Project("{FAE04EC0-301F-11D3-BF4B-00C04F79EFBC}") = "Design", "Web\Design\Design.csproj", "{25357C12-DE71-4F77-A2ED-0882021EDCC7}"
EndProject
Project("{FAE04EC0-301F-11D3-BF4B-00C04F79EFBC}") = "ISO", "Web\ISO\ISO.csproj", "{91632C49-35A3-48D5-A0DA-9F5DAF02E6A9}"
EndProject
Project("{FAE04EC0-301F-11D3-BF4B-00C04F79EFBC}") = "Archive", "Web\Archive\Archive.csproj", "{58AC3949-0EA8-4B3D-9E04-34F1A85D8FE3}"
EndProject
Project("{FAE04EC0-301F-11D3-BF4B-00C04F79EFBC}") = "Pay", "Web\Pay\Pay.csproj", "{C06976DB-0E0F-4758-9DBD-3038CE4EF5BB}"
EndProject
Project("{FAE04EC0-301F-11D3-BF4B-00C04F79EFBC}") = "OA", "Web\OA\OA.csproj", "{A92AC57A-B07B-4213-A993-4BB222479AF2}"
EndProject
Project("{FAE04EC0-301F-11D3-BF4B-00C04F79EFBC}") = "T4Application", "Core\JQ.T4Application\T4Application.csproj", "{70BC98B5-8F93-4967-A9EC-EA80C7FF1354}"
EndProject
Project("{FAE04EC0-301F-11D3-BF4B-00C04F79EFBC}") = "HR", "Web\HR\HR.csproj", "{1A5415FC-7284-4E18-8ED8-0DA168ED0377}"
EndProject
Project("{FAE04EC0-301F-11D3-BF4B-00C04F79EFBC}") = "Engineering", "Web\Engineering\Engineering.csproj", "{873A8993-B0AE-4F4B-8E98-ADD2AB7527F2}"
EndProject
Global
	GlobalSection(SolutionConfigurationPlatforms) = preSolution
		Debug|Any CPU = Debug|Any CPU
		Debug|Mixed Platforms = Debug|Mixed Platforms
		Debug|x86 = Debug|x86
		Release|Any CPU = Release|Any CPU
		Release|Mixed Platforms = Release|Mixed Platforms
		Release|x86 = Release|x86
	EndGlobalSection
	GlobalSection(ProjectConfigurationPlatforms) = postSolution
		{90AB0830-F6DA-426C-A3B0-7516535985BF}.Debug|Any CPU.ActiveCfg = Debug|Any CPU
		{90AB0830-F6DA-426C-A3B0-7516535985BF}.Debug|Any CPU.Build.0 = Debug|Any CPU
		{90AB0830-F6DA-426C-A3B0-7516535985BF}.Debug|Mixed Platforms.ActiveCfg = Debug|Any CPU
		{90AB0830-F6DA-426C-A3B0-7516535985BF}.Debug|Mixed Platforms.Build.0 = Debug|Any CPU
		{90AB0830-F6DA-426C-A3B0-7516535985BF}.Debug|x86.ActiveCfg = Debug|Any CPU
		{90AB0830-F6DA-426C-A3B0-7516535985BF}.Debug|x86.Build.0 = Debug|Any CPU
		{90AB0830-F6DA-426C-A3B0-7516535985BF}.Release|Any CPU.ActiveCfg = Release|Any CPU
		{90AB0830-F6DA-426C-A3B0-7516535985BF}.Release|Any CPU.Build.0 = Release|Any CPU
		{90AB0830-F6DA-426C-A3B0-7516535985BF}.Release|Mixed Platforms.ActiveCfg = Release|Any CPU
		{90AB0830-F6DA-426C-A3B0-7516535985BF}.Release|Mixed Platforms.Build.0 = Release|Any CPU
		{90AB0830-F6DA-426C-A3B0-7516535985BF}.Release|x86.ActiveCfg = Release|Any CPU
		{90AB0830-F6DA-426C-A3B0-7516535985BF}.Release|x86.Build.0 = Release|Any CPU
		{43203845-7327-4BF3-95F0-71B7E0354CB5}.Debug|Any CPU.ActiveCfg = Debug|Any CPU
		{43203845-7327-4BF3-95F0-71B7E0354CB5}.Debug|Any CPU.Build.0 = Debug|Any CPU
		{43203845-7327-4BF3-95F0-71B7E0354CB5}.Debug|Mixed Platforms.ActiveCfg = Debug|Any CPU
		{43203845-7327-4BF3-95F0-71B7E0354CB5}.Debug|Mixed Platforms.Build.0 = Debug|Any CPU
		{43203845-7327-4BF3-95F0-71B7E0354CB5}.Debug|x86.ActiveCfg = Debug|Any CPU
		{43203845-7327-4BF3-95F0-71B7E0354CB5}.Debug|x86.Build.0 = Debug|Any CPU
		{43203845-7327-4BF3-95F0-71B7E0354CB5}.Release|Any CPU.ActiveCfg = Release|Any CPU
		{43203845-7327-4BF3-95F0-71B7E0354CB5}.Release|Any CPU.Build.0 = Release|Any CPU
		{43203845-7327-4BF3-95F0-71B7E0354CB5}.Release|Mixed Platforms.ActiveCfg = Release|Any CPU
		{43203845-7327-4BF3-95F0-71B7E0354CB5}.Release|Mixed Platforms.Build.0 = Release|Any CPU
		{43203845-7327-4BF3-95F0-71B7E0354CB5}.Release|x86.ActiveCfg = Release|Any CPU
		{43203845-7327-4BF3-95F0-71B7E0354CB5}.Release|x86.Build.0 = Release|Any CPU
		{D89B17B5-F256-423D-8255-5F205EBF07EF}.Debug|Any CPU.ActiveCfg = Debug|Any CPU
		{D89B17B5-F256-423D-8255-5F205EBF07EF}.Debug|Any CPU.Build.0 = Debug|Any CPU
		{D89B17B5-F256-423D-8255-5F205EBF07EF}.Debug|Mixed Platforms.ActiveCfg = Debug|Any CPU
		{D89B17B5-F256-423D-8255-5F205EBF07EF}.Debug|Mixed Platforms.Build.0 = Debug|Any CPU
		{D89B17B5-F256-423D-8255-5F205EBF07EF}.Debug|x86.ActiveCfg = Debug|Any CPU
		{D89B17B5-F256-423D-8255-5F205EBF07EF}.Debug|x86.Build.0 = Debug|Any CPU
		{D89B17B5-F256-423D-8255-5F205EBF07EF}.Release|Any CPU.ActiveCfg = Release|Any CPU
		{D89B17B5-F256-423D-8255-5F205EBF07EF}.Release|Any CPU.Build.0 = Release|Any CPU
		{D89B17B5-F256-423D-8255-5F205EBF07EF}.Release|Mixed Platforms.ActiveCfg = Release|Any CPU
		{D89B17B5-F256-423D-8255-5F205EBF07EF}.Release|Mixed Platforms.Build.0 = Release|Any CPU
		{D89B17B5-F256-423D-8255-5F205EBF07EF}.Release|x86.ActiveCfg = Release|Any CPU
		{D89B17B5-F256-423D-8255-5F205EBF07EF}.Release|x86.Build.0 = Release|Any CPU
		{DF3C0094-2E12-4D77-8219-A37E3C85711C}.Debug|Any CPU.ActiveCfg = Debug|Any CPU
		{DF3C0094-2E12-4D77-8219-A37E3C85711C}.Debug|Any CPU.Build.0 = Debug|Any CPU
		{DF3C0094-2E12-4D77-8219-A37E3C85711C}.Debug|Mixed Platforms.ActiveCfg = Debug|Any CPU
		{DF3C0094-2E12-4D77-8219-A37E3C85711C}.Debug|Mixed Platforms.Build.0 = Debug|Any CPU
		{DF3C0094-2E12-4D77-8219-A37E3C85711C}.Debug|x86.ActiveCfg = Debug|Any CPU
		{DF3C0094-2E12-4D77-8219-A37E3C85711C}.Debug|x86.Build.0 = Debug|Any CPU
		{DF3C0094-2E12-4D77-8219-A37E3C85711C}.Release|Any CPU.ActiveCfg = Release|Any CPU
		{DF3C0094-2E12-4D77-8219-A37E3C85711C}.Release|Any CPU.Build.0 = Release|Any CPU
		{DF3C0094-2E12-4D77-8219-A37E3C85711C}.Release|Mixed Platforms.ActiveCfg = Release|Any CPU
		{DF3C0094-2E12-4D77-8219-A37E3C85711C}.Release|Mixed Platforms.Build.0 = Release|Any CPU
		{DF3C0094-2E12-4D77-8219-A37E3C85711C}.Release|x86.ActiveCfg = Release|Any CPU
		{DF3C0094-2E12-4D77-8219-A37E3C85711C}.Release|x86.Build.0 = Release|Any CPU
		{1D40B4ED-3210-4DAA-A3D9-BAA70DA99F98}.Debug|Any CPU.ActiveCfg = Debug|Any CPU
		{1D40B4ED-3210-4DAA-A3D9-BAA70DA99F98}.Debug|Any CPU.Build.0 = Debug|Any CPU
		{1D40B4ED-3210-4DAA-A3D9-BAA70DA99F98}.Debug|Mixed Platforms.ActiveCfg = Debug|Any CPU
		{1D40B4ED-3210-4DAA-A3D9-BAA70DA99F98}.Debug|Mixed Platforms.Build.0 = Debug|Any CPU
		{1D40B4ED-3210-4DAA-A3D9-BAA70DA99F98}.Debug|x86.ActiveCfg = Debug|Any CPU
		{1D40B4ED-3210-4DAA-A3D9-BAA70DA99F98}.Debug|x86.Build.0 = Debug|Any CPU
		{1D40B4ED-3210-4DAA-A3D9-BAA70DA99F98}.Release|Any CPU.ActiveCfg = Release|Any CPU
		{1D40B4ED-3210-4DAA-A3D9-BAA70DA99F98}.Release|Any CPU.Build.0 = Release|Any CPU
		{1D40B4ED-3210-4DAA-A3D9-BAA70DA99F98}.Release|Mixed Platforms.ActiveCfg = Release|Any CPU
		{1D40B4ED-3210-4DAA-A3D9-BAA70DA99F98}.Release|Mixed Platforms.Build.0 = Release|Any CPU
		{1D40B4ED-3210-4DAA-A3D9-BAA70DA99F98}.Release|x86.ActiveCfg = Release|Any CPU
		{1D40B4ED-3210-4DAA-A3D9-BAA70DA99F98}.Release|x86.Build.0 = Release|Any CPU
		{99EF246D-A5E3-4411-AF05-3B9578F12284}.Debug|Any CPU.ActiveCfg = Debug|Any CPU
		{99EF246D-A5E3-4411-AF05-3B9578F12284}.Debug|Any CPU.Build.0 = Debug|Any CPU
		{99EF246D-A5E3-4411-AF05-3B9578F12284}.Debug|Mixed Platforms.ActiveCfg = Debug|Any CPU
		{99EF246D-A5E3-4411-AF05-3B9578F12284}.Debug|Mixed Platforms.Build.0 = Debug|Any CPU
		{99EF246D-A5E3-4411-AF05-3B9578F12284}.Debug|x86.ActiveCfg = Debug|Any CPU
		{99EF246D-A5E3-4411-AF05-3B9578F12284}.Debug|x86.Build.0 = Debug|Any CPU
		{99EF246D-A5E3-4411-AF05-3B9578F12284}.Release|Any CPU.ActiveCfg = Release|Any CPU
		{99EF246D-A5E3-4411-AF05-3B9578F12284}.Release|Any CPU.Build.0 = Release|Any CPU
		{99EF246D-A5E3-4411-AF05-3B9578F12284}.Release|Mixed Platforms.ActiveCfg = Release|Any CPU
		{99EF246D-A5E3-4411-AF05-3B9578F12284}.Release|Mixed Platforms.Build.0 = Release|Any CPU
		{99EF246D-A5E3-4411-AF05-3B9578F12284}.Release|x86.ActiveCfg = Release|Any CPU
		{99EF246D-A5E3-4411-AF05-3B9578F12284}.Release|x86.Build.0 = Release|Any CPU
		{068290B4-77E2-4650-931E-C1E7205AD648}.Debug|Any CPU.ActiveCfg = Debug|Any CPU
		{068290B4-77E2-4650-931E-C1E7205AD648}.Debug|Any CPU.Build.0 = Debug|Any CPU
		{068290B4-77E2-4650-931E-C1E7205AD648}.Debug|Mixed Platforms.ActiveCfg = Debug|Any CPU
		{068290B4-77E2-4650-931E-C1E7205AD648}.Debug|Mixed Platforms.Build.0 = Debug|Any CPU
		{068290B4-77E2-4650-931E-C1E7205AD648}.Debug|x86.ActiveCfg = Debug|Any CPU
		{068290B4-77E2-4650-931E-C1E7205AD648}.Debug|x86.Build.0 = Debug|Any CPU
		{068290B4-77E2-4650-931E-C1E7205AD648}.Release|Any CPU.ActiveCfg = Release|Any CPU
		{068290B4-77E2-4650-931E-C1E7205AD648}.Release|Any CPU.Build.0 = Release|Any CPU
		{068290B4-77E2-4650-931E-C1E7205AD648}.Release|Mixed Platforms.ActiveCfg = Release|Any CPU
		{068290B4-77E2-4650-931E-C1E7205AD648}.Release|Mixed Platforms.Build.0 = Release|Any CPU
		{068290B4-77E2-4650-931E-C1E7205AD648}.Release|x86.ActiveCfg = Release|Any CPU
		{068290B4-77E2-4650-931E-C1E7205AD648}.Release|x86.Build.0 = Release|Any CPU
		{31DD1863-CC15-4CB2-BBAC-BDE57A3D860F}.Debug|Any CPU.ActiveCfg = Debug|Any CPU
		{31DD1863-CC15-4CB2-BBAC-BDE57A3D860F}.Debug|Any CPU.Build.0 = Debug|Any CPU
		{31DD1863-CC15-4CB2-BBAC-BDE57A3D860F}.Debug|Mixed Platforms.ActiveCfg = Debug|Any CPU
		{31DD1863-CC15-4CB2-BBAC-BDE57A3D860F}.Debug|Mixed Platforms.Build.0 = Debug|Any CPU
		{31DD1863-CC15-4CB2-BBAC-BDE57A3D860F}.Debug|x86.ActiveCfg = Debug|Any CPU
		{31DD1863-CC15-4CB2-BBAC-BDE57A3D860F}.Debug|x86.Build.0 = Debug|Any CPU
		{31DD1863-CC15-4CB2-BBAC-BDE57A3D860F}.Release|Any CPU.ActiveCfg = Release|Any CPU
		{31DD1863-CC15-4CB2-BBAC-BDE57A3D860F}.Release|Any CPU.Build.0 = Release|Any CPU
		{31DD1863-CC15-4CB2-BBAC-BDE57A3D860F}.Release|Mixed Platforms.ActiveCfg = Release|Any CPU
		{31DD1863-CC15-4CB2-BBAC-BDE57A3D860F}.Release|Mixed Platforms.Build.0 = Release|Any CPU
		{31DD1863-CC15-4CB2-BBAC-BDE57A3D860F}.Release|x86.ActiveCfg = Release|Any CPU
		{31DD1863-CC15-4CB2-BBAC-BDE57A3D860F}.Release|x86.Build.0 = Release|Any CPU
		{4A9EDA3F-8A48-4E3D-9A38-602BA67536DE}.Debug|Any CPU.ActiveCfg = Debug|Any CPU
		{4A9EDA3F-8A48-4E3D-9A38-602BA67536DE}.Debug|Any CPU.Build.0 = Debug|Any CPU
		{4A9EDA3F-8A48-4E3D-9A38-602BA67536DE}.Debug|Mixed Platforms.ActiveCfg = Debug|Any CPU
		{4A9EDA3F-8A48-4E3D-9A38-602BA67536DE}.Debug|Mixed Platforms.Build.0 = Debug|Any CPU
		{4A9EDA3F-8A48-4E3D-9A38-602BA67536DE}.Debug|x86.ActiveCfg = Debug|Any CPU
		{4A9EDA3F-8A48-4E3D-9A38-602BA67536DE}.Debug|x86.Build.0 = Debug|Any CPU
		{4A9EDA3F-8A48-4E3D-9A38-602BA67536DE}.Release|Any CPU.ActiveCfg = Release|Any CPU
		{4A9EDA3F-8A48-4E3D-9A38-602BA67536DE}.Release|Any CPU.Build.0 = Release|Any CPU
		{4A9EDA3F-8A48-4E3D-9A38-602BA67536DE}.Release|Mixed Platforms.ActiveCfg = Release|Any CPU
		{4A9EDA3F-8A48-4E3D-9A38-602BA67536DE}.Release|Mixed Platforms.Build.0 = Release|Any CPU
		{4A9EDA3F-8A48-4E3D-9A38-602BA67536DE}.Release|x86.ActiveCfg = Release|Any CPU
		{4A9EDA3F-8A48-4E3D-9A38-602BA67536DE}.Release|x86.Build.0 = Release|Any CPU
		{C85A0162-B692-420E-AF03-5F4C840B83FF}.Debug|Any CPU.ActiveCfg = Debug|Any CPU
		{C85A0162-B692-420E-AF03-5F4C840B83FF}.Debug|Any CPU.Build.0 = Debug|Any CPU
		{C85A0162-B692-420E-AF03-5F4C840B83FF}.Debug|Mixed Platforms.ActiveCfg = Debug|Any CPU
		{C85A0162-B692-420E-AF03-5F4C840B83FF}.Debug|Mixed Platforms.Build.0 = Debug|Any CPU
		{C85A0162-B692-420E-AF03-5F4C840B83FF}.Debug|x86.ActiveCfg = Debug|Any CPU
		{C85A0162-B692-420E-AF03-5F4C840B83FF}.Debug|x86.Build.0 = Debug|Any CPU
		{C85A0162-B692-420E-AF03-5F4C840B83FF}.Release|Any CPU.ActiveCfg = Release|Any CPU
		{C85A0162-B692-420E-AF03-5F4C840B83FF}.Release|Any CPU.Build.0 = Release|Any CPU
		{C85A0162-B692-420E-AF03-5F4C840B83FF}.Release|Mixed Platforms.ActiveCfg = Release|Any CPU
		{C85A0162-B692-420E-AF03-5F4C840B83FF}.Release|Mixed Platforms.Build.0 = Release|Any CPU
		{C85A0162-B692-420E-AF03-5F4C840B83FF}.Release|x86.ActiveCfg = Release|Any CPU
		{C85A0162-B692-420E-AF03-5F4C840B83FF}.Release|x86.Build.0 = Release|Any CPU
		{BA7594E9-29A3-4928-B269-9FFEA0ED363B}.Debug|Any CPU.ActiveCfg = Debug|Any CPU
		{BA7594E9-29A3-4928-B269-9FFEA0ED363B}.Debug|Any CPU.Build.0 = Debug|Any CPU
		{BA7594E9-29A3-4928-B269-9FFEA0ED363B}.Debug|Mixed Platforms.ActiveCfg = Debug|Any CPU
		{BA7594E9-29A3-4928-B269-9FFEA0ED363B}.Debug|Mixed Platforms.Build.0 = Debug|Any CPU
		{BA7594E9-29A3-4928-B269-9FFEA0ED363B}.Debug|x86.ActiveCfg = Debug|Any CPU
		{BA7594E9-29A3-4928-B269-9FFEA0ED363B}.Debug|x86.Build.0 = Debug|Any CPU
		{BA7594E9-29A3-4928-B269-9FFEA0ED363B}.Release|Any CPU.ActiveCfg = Release|Any CPU
		{BA7594E9-29A3-4928-B269-9FFEA0ED363B}.Release|Any CPU.Build.0 = Release|Any CPU
		{BA7594E9-29A3-4928-B269-9FFEA0ED363B}.Release|Mixed Platforms.ActiveCfg = Release|Any CPU
		{BA7594E9-29A3-4928-B269-9FFEA0ED363B}.Release|Mixed Platforms.Build.0 = Release|Any CPU
		{BA7594E9-29A3-4928-B269-9FFEA0ED363B}.Release|x86.ActiveCfg = Release|Any CPU
		{BA7594E9-29A3-4928-B269-9FFEA0ED363B}.Release|x86.Build.0 = Release|Any CPU
		{25357C12-DE71-4F77-A2ED-0882021EDCC7}.Debug|Any CPU.ActiveCfg = Debug|Any CPU
		{25357C12-DE71-4F77-A2ED-0882021EDCC7}.Debug|Any CPU.Build.0 = Debug|Any CPU
		{25357C12-DE71-4F77-A2ED-0882021EDCC7}.Debug|Mixed Platforms.ActiveCfg = Debug|Any CPU
		{25357C12-DE71-4F77-A2ED-0882021EDCC7}.Debug|Mixed Platforms.Build.0 = Debug|Any CPU
		{25357C12-DE71-4F77-A2ED-0882021EDCC7}.Debug|x86.ActiveCfg = Debug|Any CPU
		{25357C12-DE71-4F77-A2ED-0882021EDCC7}.Debug|x86.Build.0 = Debug|Any CPU
		{25357C12-DE71-4F77-A2ED-0882021EDCC7}.Release|Any CPU.ActiveCfg = Release|Any CPU
		{25357C12-DE71-4F77-A2ED-0882021EDCC7}.Release|Any CPU.Build.0 = Release|Any CPU
		{25357C12-DE71-4F77-A2ED-0882021EDCC7}.Release|Mixed Platforms.ActiveCfg = Release|Any CPU
		{25357C12-DE71-4F77-A2ED-0882021EDCC7}.Release|Mixed Platforms.Build.0 = Release|Any CPU
		{25357C12-DE71-4F77-A2ED-0882021EDCC7}.Release|x86.ActiveCfg = Release|Any CPU
		{25357C12-DE71-4F77-A2ED-0882021EDCC7}.Release|x86.Build.0 = Release|Any CPU
		{91632C49-35A3-48D5-A0DA-9F5DAF02E6A9}.Debug|Any CPU.ActiveCfg = Debug|Any CPU
		{91632C49-35A3-48D5-A0DA-9F5DAF02E6A9}.Debug|Any CPU.Build.0 = Debug|Any CPU
		{91632C49-35A3-48D5-A0DA-9F5DAF02E6A9}.Debug|Mixed Platforms.ActiveCfg = Debug|Any CPU
		{91632C49-35A3-48D5-A0DA-9F5DAF02E6A9}.Debug|Mixed Platforms.Build.0 = Debug|Any CPU
		{91632C49-35A3-48D5-A0DA-9F5DAF02E6A9}.Debug|x86.ActiveCfg = Debug|Any CPU
		{91632C49-35A3-48D5-A0DA-9F5DAF02E6A9}.Debug|x86.Build.0 = Debug|Any CPU
		{91632C49-35A3-48D5-A0DA-9F5DAF02E6A9}.Release|Any CPU.ActiveCfg = Release|Any CPU
		{91632C49-35A3-48D5-A0DA-9F5DAF02E6A9}.Release|Any CPU.Build.0 = Release|Any CPU
		{91632C49-35A3-48D5-A0DA-9F5DAF02E6A9}.Release|Mixed Platforms.ActiveCfg = Release|Any CPU
		{91632C49-35A3-48D5-A0DA-9F5DAF02E6A9}.Release|Mixed Platforms.Build.0 = Release|Any CPU
		{91632C49-35A3-48D5-A0DA-9F5DAF02E6A9}.Release|x86.ActiveCfg = Release|Any CPU
		{91632C49-35A3-48D5-A0DA-9F5DAF02E6A9}.Release|x86.Build.0 = Release|Any CPU
		{58AC3949-0EA8-4B3D-9E04-34F1A85D8FE3}.Debug|Any CPU.ActiveCfg = Debug|Any CPU
		{58AC3949-0EA8-4B3D-9E04-34F1A85D8FE3}.Debug|Any CPU.Build.0 = Debug|Any CPU
		{58AC3949-0EA8-4B3D-9E04-34F1A85D8FE3}.Debug|Mixed Platforms.ActiveCfg = Debug|Any CPU
		{58AC3949-0EA8-4B3D-9E04-34F1A85D8FE3}.Debug|Mixed Platforms.Build.0 = Debug|Any CPU
		{58AC3949-0EA8-4B3D-9E04-34F1A85D8FE3}.Debug|x86.ActiveCfg = Debug|Any CPU
		{58AC3949-0EA8-4B3D-9E04-34F1A85D8FE3}.Debug|x86.Build.0 = Debug|Any CPU
		{58AC3949-0EA8-4B3D-9E04-34F1A85D8FE3}.Release|Any CPU.ActiveCfg = Release|Any CPU
		{58AC3949-0EA8-4B3D-9E04-34F1A85D8FE3}.Release|Any CPU.Build.0 = Release|Any CPU
		{58AC3949-0EA8-4B3D-9E04-34F1A85D8FE3}.Release|Mixed Platforms.ActiveCfg = Release|Any CPU
		{58AC3949-0EA8-4B3D-9E04-34F1A85D8FE3}.Release|Mixed Platforms.Build.0 = Release|Any CPU
		{58AC3949-0EA8-4B3D-9E04-34F1A85D8FE3}.Release|x86.ActiveCfg = Release|Any CPU
		{58AC3949-0EA8-4B3D-9E04-34F1A85D8FE3}.Release|x86.Build.0 = Release|Any CPU
		{C06976DB-0E0F-4758-9DBD-3038CE4EF5BB}.Debug|Any CPU.ActiveCfg = Debug|Any CPU
		{C06976DB-0E0F-4758-9DBD-3038CE4EF5BB}.Debug|Any CPU.Build.0 = Debug|Any CPU
		{C06976DB-0E0F-4758-9DBD-3038CE4EF5BB}.Debug|Mixed Platforms.ActiveCfg = Debug|Any CPU
		{C06976DB-0E0F-4758-9DBD-3038CE4EF5BB}.Debug|Mixed Platforms.Build.0 = Debug|Any CPU
		{C06976DB-0E0F-4758-9DBD-3038CE4EF5BB}.Debug|x86.ActiveCfg = Debug|Any CPU
		{C06976DB-0E0F-4758-9DBD-3038CE4EF5BB}.Debug|x86.Build.0 = Debug|Any CPU
		{C06976DB-0E0F-4758-9DBD-3038CE4EF5BB}.Release|Any CPU.ActiveCfg = Release|Any CPU
		{C06976DB-0E0F-4758-9DBD-3038CE4EF5BB}.Release|Any CPU.Build.0 = Release|Any CPU
		{C06976DB-0E0F-4758-9DBD-3038CE4EF5BB}.Release|Mixed Platforms.ActiveCfg = Release|Any CPU
		{C06976DB-0E0F-4758-9DBD-3038CE4EF5BB}.Release|Mixed Platforms.Build.0 = Release|Any CPU
		{C06976DB-0E0F-4758-9DBD-3038CE4EF5BB}.Release|x86.ActiveCfg = Release|Any CPU
		{C06976DB-0E0F-4758-9DBD-3038CE4EF5BB}.Release|x86.Build.0 = Release|Any CPU
		{A92AC57A-B07B-4213-A993-4BB222479AF2}.Debug|Any CPU.ActiveCfg = Debug|Any CPU
		{A92AC57A-B07B-4213-A993-4BB222479AF2}.Debug|Any CPU.Build.0 = Debug|Any CPU
		{A92AC57A-B07B-4213-A993-4BB222479AF2}.Debug|Mixed Platforms.ActiveCfg = Debug|Any CPU
		{A92AC57A-B07B-4213-A993-4BB222479AF2}.Debug|Mixed Platforms.Build.0 = Debug|Any CPU
		{A92AC57A-B07B-4213-A993-4BB222479AF2}.Debug|x86.ActiveCfg = Debug|Any CPU
		{A92AC57A-B07B-4213-A993-4BB222479AF2}.Debug|x86.Build.0 = Debug|Any CPU
		{A92AC57A-B07B-4213-A993-4BB222479AF2}.Release|Any CPU.ActiveCfg = Release|Any CPU
		{A92AC57A-B07B-4213-A993-4BB222479AF2}.Release|Any CPU.Build.0 = Release|Any CPU
		{A92AC57A-B07B-4213-A993-4BB222479AF2}.Release|Mixed Platforms.ActiveCfg = Release|Any CPU
		{A92AC57A-B07B-4213-A993-4BB222479AF2}.Release|Mixed Platforms.Build.0 = Release|Any CPU
		{A92AC57A-B07B-4213-A993-4BB222479AF2}.Release|x86.ActiveCfg = Release|Any CPU
		{A92AC57A-B07B-4213-A993-4BB222479AF2}.Release|x86.Build.0 = Release|Any CPU
		{70BC98B5-8F93-4967-A9EC-EA80C7FF1354}.Debug|Any CPU.ActiveCfg = Debug|x86
		{70BC98B5-8F93-4967-A9EC-EA80C7FF1354}.Debug|Mixed Platforms.ActiveCfg = Debug|x86
		{70BC98B5-8F93-4967-A9EC-EA80C7FF1354}.Debug|Mixed Platforms.Build.0 = Debug|x86
		{70BC98B5-8F93-4967-A9EC-EA80C7FF1354}.Debug|x86.ActiveCfg = Debug|x86
		{70BC98B5-8F93-4967-A9EC-EA80C7FF1354}.Debug|x86.Build.0 = Debug|x86
		{70BC98B5-8F93-4967-A9EC-EA80C7FF1354}.Release|Any CPU.ActiveCfg = Release|x86
		{70BC98B5-8F93-4967-A9EC-EA80C7FF1354}.Release|Mixed Platforms.ActiveCfg = Release|x86
		{70BC98B5-8F93-4967-A9EC-EA80C7FF1354}.Release|Mixed Platforms.Build.0 = Release|x86
		{70BC98B5-8F93-4967-A9EC-EA80C7FF1354}.Release|x86.ActiveCfg = Release|x86
		{70BC98B5-8F93-4967-A9EC-EA80C7FF1354}.Release|x86.Build.0 = Release|x86
		{1A5415FC-7284-4E18-8ED8-0DA168ED0377}.Debug|Any CPU.ActiveCfg = Debug|Any CPU
		{1A5415FC-7284-4E18-8ED8-0DA168ED0377}.Debug|Any CPU.Build.0 = Debug|Any CPU
		{1A5415FC-7284-4E18-8ED8-0DA168ED0377}.Debug|Mixed Platforms.ActiveCfg = Debug|Any CPU
		{1A5415FC-7284-4E18-8ED8-0DA168ED0377}.Debug|Mixed Platforms.Build.0 = Debug|Any CPU
		{1A5415FC-7284-4E18-8ED8-0DA168ED0377}.Debug|x86.ActiveCfg = Debug|Any CPU
		{1A5415FC-7284-4E18-8ED8-0DA168ED0377}.Release|Any CPU.ActiveCfg = Release|Any CPU
		{1A5415FC-7284-4E18-8ED8-0DA168ED0377}.Release|Any CPU.Build.0 = Release|Any CPU
		{1A5415FC-7284-4E18-8ED8-0DA168ED0377}.Release|Mixed Platforms.ActiveCfg = Release|Any CPU
		{1A5415FC-7284-4E18-8ED8-0DA168ED0377}.Release|Mixed Platforms.Build.0 = Release|Any CPU
		{1A5415FC-7284-4E18-8ED8-0DA168ED0377}.Release|x86.ActiveCfg = Release|Any CPU
		{873A8993-B0AE-4F4B-8E98-ADD2AB7527F2}.Debug|Any CPU.ActiveCfg = Debug|Any CPU
		{873A8993-B0AE-4F4B-8E98-ADD2AB7527F2}.Debug|Any CPU.Build.0 = Debug|Any CPU
		{873A8993-B0AE-4F4B-8E98-ADD2AB7527F2}.Debug|Mixed Platforms.ActiveCfg = Debug|Any CPU
		{873A8993-B0AE-4F4B-8E98-ADD2AB7527F2}.Debug|Mixed Platforms.Build.0 = Debug|Any CPU
		{873A8993-B0AE-4F4B-8E98-ADD2AB7527F2}.Debug|x86.ActiveCfg = Debug|Any CPU
		{873A8993-B0AE-4F4B-8E98-ADD2AB7527F2}.Debug|x86.Build.0 = Debug|Any CPU
		{873A8993-B0AE-4F4B-8E98-ADD2AB7527F2}.Release|Any CPU.ActiveCfg = Release|Any CPU
		{873A8993-B0AE-4F4B-8E98-ADD2AB7527F2}.Release|Any CPU.Build.0 = Release|Any CPU
		{873A8993-B0AE-4F4B-8E98-ADD2AB7527F2}.Release|Mixed Platforms.ActiveCfg = Release|Any CPU
		{873A8993-B0AE-4F4B-8E98-ADD2AB7527F2}.Release|Mixed Platforms.Build.0 = Release|Any CPU
		{873A8993-B0AE-4F4B-8E98-ADD2AB7527F2}.Release|x86.ActiveCfg = Release|Any CPU
		{873A8993-B0AE-4F4B-8E98-ADD2AB7527F2}.Release|x86.Build.0 = Release|Any CPU
	EndGlobalSection
	GlobalSection(SolutionProperties) = preSolution
		HideSolutionNode = FALSE
	EndGlobalSection
	GlobalSection(NestedProjects) = preSolution
		{F4B971CB-AB6B-42EA-B2DD-82ADF7704A52} = {656B5039-00BD-4412-ACE7-BFE0A0BC56A8}
		{90AB0830-F6DA-426C-A3B0-7516535985BF} = {F4B971CB-AB6B-42EA-B2DD-82ADF7704A52}
		{6DBE0B23-B059-456F-B710-257B3316BD13} = {656B5039-00BD-4412-ACE7-BFE0A0BC56A8}
		{7B5832F6-3B89-4ED1-94CC-E2D284130871} = {656B5039-00BD-4412-ACE7-BFE0A0BC56A8}
		{43203845-7327-4BF3-95F0-71B7E0354CB5} = {6DBE0B23-B059-456F-B710-257B3316BD13}
		{D89B17B5-F256-423D-8255-5F205EBF07EF} = {7B5832F6-3B89-4ED1-94CC-E2D284130871}
		{DF3C0094-2E12-4D77-8219-A37E3C85711C} = {BDCB9B2E-7D7A-4E02-AABC-875A173EE709}
		{1D40B4ED-3210-4DAA-A3D9-BAA70DA99F98} = {F4B971CB-AB6B-42EA-B2DD-82ADF7704A52}
		{99EF246D-A5E3-4411-AF05-3B9578F12284} = {BDCB9B2E-7D7A-4E02-AABC-875A173EE709}
		{068290B4-77E2-4650-931E-C1E7205AD648} = {BDCB9B2E-7D7A-4E02-AABC-875A173EE709}
		{31DD1863-CC15-4CB2-BBAC-BDE57A3D860F} = {0410727E-0A10-4FC8-8690-938E7A0FE31B}
		{4A9EDA3F-8A48-4E3D-9A38-602BA67536DE} = {3E2D1DD2-683D-4BE3-97A1-24C8E8C4E911}
		{C85A0162-B692-420E-AF03-5F4C840B83FF} = {3E2D1DD2-683D-4BE3-97A1-24C8E8C4E911}
		{BA7594E9-29A3-4928-B269-9FFEA0ED363B} = {3E2D1DD2-683D-4BE3-97A1-24C8E8C4E911}
		{25357C12-DE71-4F77-A2ED-0882021EDCC7} = {3E2D1DD2-683D-4BE3-97A1-24C8E8C4E911}
		{91632C49-35A3-48D5-A0DA-9F5DAF02E6A9} = {3E2D1DD2-683D-4BE3-97A1-24C8E8C4E911}
		{58AC3949-0EA8-4B3D-9E04-34F1A85D8FE3} = {3E2D1DD2-683D-4BE3-97A1-24C8E8C4E911}
		{C06976DB-0E0F-4758-9DBD-3038CE4EF5BB} = {3E2D1DD2-683D-4BE3-97A1-24C8E8C4E911}
		{A92AC57A-B07B-4213-A993-4BB222479AF2} = {3E2D1DD2-683D-4BE3-97A1-24C8E8C4E911}
		{70BC98B5-8F93-4967-A9EC-EA80C7FF1354} = {F4B971CB-AB6B-42EA-B2DD-82ADF7704A52}
		{1A5415FC-7284-4E18-8ED8-0DA168ED0377} = {3E2D1DD2-683D-4BE3-97A1-24C8E8C4E911}
		{873A8993-B0AE-4F4B-8E98-ADD2AB7527F2} = {3E2D1DD2-683D-4BE3-97A1-24C8E8C4E911}
	EndGlobalSection
	GlobalSection(TeamFoundationVersionControl) = preSolution
		SccNumberOfProjects = 20
		SccEnterpriseProvider = {4CA58AB2-18FA-4F8D-95D4-32DDF27D184C}
		SccTeamFoundationServer = http://192.168.0.8:8080/tfs/goldpm9_version
		SccLocalPath0 = .
		SccProjectUniqueName1 = Core\\BLLLayer\\Common\\JQ.Common.csproj
		SccProjectTopLevelParentUniqueName1 = GoldPM9_gdgzshcj.sln
		SccProjectName1 = Core/BLLLayer/Common
		SccLocalPath1 = Core\\BLLLayer\\Common
		SccProjectUniqueName2 = Core\\BLLLayer\\DataModel\\DataModel.csproj
		SccProjectTopLevelParentUniqueName2 = GoldPM9_gdgzshcj.sln
		SccProjectName2 = Core/BLLLayer/DataModel
		SccLocalPath2 = Core\\BLLLayer\\DataModel
		SccProjectUniqueName3 = Core\\BLLLayer\\DBSql\\DBSql.csproj
		SccProjectTopLevelParentUniqueName3 = GoldPM9_gdgzshcj.sln
		SccProjectName3 = Core/BLLLayer/DBSql
		SccLocalPath3 = Core\\BLLLayer\\DBSql
		SccProjectUniqueName4 = Core\\DALLayer\\DAL\\DAL.csproj
		SccProjectTopLevelParentUniqueName4 = GoldPM9_gdgzshcj.sln
		SccProjectName4 = Core/DALLayer/DAL
		SccLocalPath4 = Core\\DALLayer\\DAL
		SccProjectUniqueName5 = Core\\JQ.T4Application\\T4Application.csproj
		SccProjectTopLevelParentUniqueName5 = GoldPM9_gdgzshcj.sln
		SccProjectName5 = Core/JQ.T4Application
		SccLocalPath5 = Core\\JQ.T4Application
		SccProjectUniqueName6 = Core\\RWP.FrameworkForWeb\\JQ.Web.csproj
		SccProjectTopLevelParentUniqueName6 = GoldPM9_gdgzshcj.sln
		SccProjectName6 = Core/RWP.FrameworkForWeb
		SccLocalPath6 = Core\\RWP.FrameworkForWeb
		SccProjectUniqueName7 = Core\\RWP.Log\\JQ.Log.csproj
		SccProjectTopLevelParentUniqueName7 = GoldPM9_gdgzshcj.sln
		SccProjectName7 = Core/RWP.Log
		SccLocalPath7 = Core\\RWP.Log
		SccProjectUniqueName8 = Core\\RWP.Util\\JQ.Util.csproj
		SccProjectTopLevelParentUniqueName8 = GoldPM9_gdgzshcj.sln
		SccProjectName8 = Core/RWP.Util
		SccLocalPath8 = Core\\RWP.Util
		SccProjectUniqueName9 = Web\\Archive\\Archive.csproj
		SccProjectTopLevelParentUniqueName9 = GoldPM9_gdgzshcj.sln
		SccProjectName9 = Web/Archive
		SccLocalPath9 = Web\\Archive
		SccProjectUniqueName10 = Web\\Bussiness\\Bussiness.csproj
		SccProjectTopLevelParentUniqueName10 = GoldPM9_gdgzshcj.sln
		SccProjectName10 = Web/Bussiness
		SccLocalPath10 = Web\\Bussiness
		SccProjectUniqueName11 = Web\\Core\\Core.csproj
		SccProjectTopLevelParentUniqueName11 = GoldPM9_gdgzshcj.sln
		SccProjectName11 = Web/Core
		SccLocalPath11 = Web\\Core
		SccProjectUniqueName12 = Web\\Design\\Design.csproj
		SccProjectTopLevelParentUniqueName12 = GoldPM9_gdgzshcj.sln
		SccProjectName12 = Web/Design
		SccLocalPath12 = Web\\Design
		SccProjectUniqueName13 = Web\\ISO\\ISO.csproj
		SccProjectTopLevelParentUniqueName13 = GoldPM9_gdgzshcj.sln
		SccProjectName13 = Web/ISO
		SccLocalPath13 = Web\\ISO
		SccProjectUniqueName14 = Web\\JQWebMVC\\JQWebMVC.csproj
		SccProjectTopLevelParentUniqueName14 = GoldPM9_gdgzshcj.sln
		SccProjectName14 = Web/JQWebMVC
		SccLocalPath14 = Web\\JQWebMVC
		SccProjectUniqueName15 = Web\\OA\\OA.csproj
		SccProjectTopLevelParentUniqueName15 = GoldPM9_gdgzshcj.sln
		SccProjectName15 = Web/OA
		SccLocalPath15 = Web\\OA
		SccProjectUniqueName16 = Web\\Pay\\Pay.csproj
		SccProjectTopLevelParentUniqueName16 = GoldPM9_gdgzshcj.sln
		SccProjectName16 = Web/Pay
		SccLocalPath16 = Web\\Pay
		SccProjectUniqueName17 = Web\\Project\\Project.csproj
		SccProjectTopLevelParentUniqueName17 = GoldPM9_gdgzshcj.sln
		SccProjectName17 = Web/Project
		SccLocalPath17 = Web\\Project
		SccProjectUniqueName18 = Web\\HR\\HR.csproj
		SccProjectTopLevelParentUniqueName18 = GoldPM9_gdgzshcj.sln
		SccProjectName18 = Web/HR
		SccLocalPath18 = Web\\HR
		SccProjectUniqueName19 = Web\\Engineering\\Engineering.csproj
		SccProjectTopLevelParentUniqueName19 = GoldPM9_gdgzshcj.sln
		SccProjectName19 = Web/Engineering
		SccLocalPath19 = Web\\Engineering
	EndGlobalSection
EndGlobal
